
Microsoft Visual Studio Solution File, Format Version 12.00
# Visual Studio Version 16
VisualStudioVersion = 16.0.32413.511
MinimumVisualStudioVersion = 10.0.40219.1
Project("{FAE04EC0-301F-11D3-BF4B-00C04F79EFBC}") = "OceanView", "OceanView.csproj", "{121ACA7A-D93F-4E6A-811C-6A21818D822E}"
EndProject
Project("{FAE04EC0-301F-11D3-BF4B-00C04F79EFBC}") = "OceanLibrary", "..\OceanLibraryWF - Copy\OceanLibrary.csproj", "{1A20E793-19FA-4877-AE40-90B33F55AD65}"
EndProject
Global
	GlobalSection(SolutionConfigurationPlatforms) = preSolution
		Debug|Any CPU = Debug|Any CPU
		Release|Any CPU = Release|Any CPU
	EndGlobalSection
	GlobalSection(ProjectConfigurationPlatforms) = postSolution
		{121ACA7A-D93F-4E6A-811C-6A21818D822E}.Debug|Any CPU.ActiveCfg = Debug|Any CPU
		{121ACA7A-D93F-4E6A-811C-6A21818D822E}.Debug|Any CPU.Build.0 = Debug|Any CPU
		{121ACA7A-D93F-4E6A-811C-6A21818D822E}.Release|Any CPU.ActiveCfg = Release|Any CPU
		{121ACA7A-D93F-4E6A-811C-6A21818D822E}.Release|Any CPU.Build.0 = Release|Any CPU
		{1A20E793-19FA-4877-AE40-90B33F55AD65}.Debug|Any CPU.ActiveCfg = Debug|Any CPU
		{1A20E793-19FA-4877-AE40-90B33F55AD65}.Debug|Any CPU.Build.0 = Debug|Any CPU
		{1A20E793-19FA-4877-AE40-90B33F55AD65}.Release|Any CPU.ActiveCfg = Release|Any CPU
		{1A20E793-19FA-4877-AE40-90B33F55AD65}.Release|Any CPU.Build.0 = Release|Any CPU
	EndGlobalSection
	GlobalSection(SolutionProperties) = preSolution
		HideSolutionNode = FALSE
	EndGlobalSection
	GlobalSection(ExtensibilityGlobals) = postSolution
		SolutionGuid = {950E6566-D2AF-470D-8A79-366FA0CA58F6}
	EndGlobalSection
EndGlobal
